PODS:
  - Action (5.0.0):
    - RxCocoa (~> 6.0)
    - RxSwift (~> 6.0)
  - Alamofire (5.6.2)
  - MJRefresh (3.7.5)
  - Moya (15.0.0):
    - Moya/Core (= 15.0.0)
  - Moya/Core (15.0.0):
    - Alamofire (~> 5.0)
  - PageListKit (0.1.0):
    - Moya
    - PageListKit/Source (= 0.1.0)
    - TangramKit
  - PageListKit/Source (0.1.0):
    - Action
    - Moya
    - RxCocoa
    - RxRelay
    - RxSwift
    - SnapKit
    - TangramKit
  - RxCocoa (6.5.0):
    - RxRelay (= 6.5.0)
    - RxSwift (= 6.5.0)
  - RxRelay (6.5.0):
    - RxSwift (= 6.5.0)
  - RxSwift (6.5.0)
  - SnapKit (5.6.0)
  - TangramKit (1.4.2)

DEPENDENCIES:
  - MJRefresh
  - PageListKit (from `../`)

SPEC REPOS:
  trunk:
    - Action
    - Alamofire
    - MJRefresh
    - Moya
    - RxCocoa
    - RxRelay
    - RxSwift
    - SnapKit
    - TangramKit

EXTERNAL SOURCES:
  PageListKit:
    :path: "../"

SPEC CHECKSUMS:
  Action: 47f1825511907b4fcd79dd7a7db9526c20f78018
  Alamofire: d368e1ff8a298e6dde360e35a3e68e6c610e7204
  MJRefresh: fdf5e979eb406a0341468932d1dfc8b7f9fce961
  Moya: 138f0573e53411fb3dc17016add0b748dfbd78ee
  PageListKit: 391b8069da5fc205c007ddf0757ea52127173331
  RxCocoa: 94f817b71c07517321eb4f9ad299112ca8af743b
  RxRelay: 1de1523e604c72b6c68feadedd1af3b1b4d0ecbd
  RxSwift: 5710a9e6b17f3c3d6e40d6e559b9fa1e813b2ef8
  SnapKit: e01d52ebb8ddbc333eefe2132acf85c8227d9c25
  TangramKit: aad3ab8f9617418c9da96d59cddd71134ae8af83

PODFILE CHECKSUM: 110d89f226364e26804498f680070d770c98115e

COCOAPODS: 1.11.3
